
Microsoft Visual Studio Solution File, Format Version 12.00
# Visual Studio Version 17
VisualStudioVersion = 17.10.34928.147
MinimumVisualStudioVersion = 10.0.40219.1
Project("{FAE04EC0-301F-11D3-BF4B-00C04F79EFBC}") = "assignment", "assignment\assignment.csproj", "{9840F0DD-9B25-48B2-93D0-12419ACAF320}"
EndProject
Global
	GlobalSection(SolutionConfigurationPlatforms) = preSolution
		Debug|Any CPU = Debug|Any CPU
		Release|Any CPU = Release|Any CPU
	EndGlobalSection
	GlobalSection(ProjectConfigurationPlatforms) = postSolution
		{9840F0DD-9B25-48B2-93D0-12419ACAF320}.Debug|Any CPU.ActiveCfg = Debug|Any CPU
		{9840F0DD-9B25-48B2-93D0-12419ACAF320}.Debug|Any CPU.Build.0 = Debug|Any CPU
		{9840F0DD-9B25-48B2-93D0-12419ACAF320}.Release|Any CPU.ActiveCfg = Release|Any CPU
		{9840F0DD-9B25-48B2-93D0-12419ACAF320}.Release|Any CPU.Build.0 = Release|Any CPU
	EndGlobalSection
	GlobalSection(SolutionProperties) = preSolution
		HideSolutionNode = FALSE
	EndGlobalSection
	GlobalSection(ExtensibilityGlobals) = postSolution
		SolutionGuid = {7A22CF11-3B41-4F77-8102-BB8A2F477009}
	EndGlobalSection
EndGlobal
